
Microsoft Visual Studio Solution File, Format Version 12.00
# Visual Studio Version 17
VisualStudioVersion = 17.7.34031.279
MinimumVisualStudioVersion = 10.0.40219.1
Project("{FAE04EC0-301F-11D3-BF4B-00C04F79EFBC}") = "CRUD Produto", "CRUD Produto\CRUD Produto.csproj", "{6DFDA09A-772A-459D-8E51-DFB5C2F349C5}"
EndProject
Global
	GlobalSection(SolutionConfigurationPlatforms) = preSolution
		Debug|Any CPU = Debug|Any CPU
		Release|Any CPU = Release|Any CPU
	EndGlobalSection
	GlobalSection(ProjectConfigurationPlatforms) = postSolution
		{6DFDA09A-772A-459D-8E51-DFB5C2F349C5}.Debug|Any CPU.ActiveCfg = Debug|Any CPU
		{6DFDA09A-772A-459D-8E51-DFB5C2F349C5}.Debug|Any CPU.Build.0 = Debug|Any CPU
		{6DFDA09A-772A-459D-8E51-DFB5C2F349C5}.Release|Any CPU.ActiveCfg = Release|Any CPU
		{6DFDA09A-772A-459D-8E51-DFB5C2F349C5}.Release|Any CPU.Build.0 = Release|Any CPU
	EndGlobalSection
	GlobalSection(SolutionProperties) = preSolution
		HideSolutionNode = FALSE
	EndGlobalSection
	GlobalSection(ExtensibilityGlobals) = postSolution
		SolutionGuid = {A564CB58-B90C-40D9-8440-9C4ACC65252B}
	EndGlobalSection
EndGlobal
